
Microsoft Visual Studio Solution File, Format Version 12.00
# Visual Studio Version 17
VisualStudioVersion = 17.13.35913.81
MinimumVisualStudioVersion = 10.0.40219.1
Project("{FAE04EC0-301F-11D3-BF4B-00C04F79EFBC}") = "Module2BaiSo1_TranQuocThinh", "Module2BaiSo1_TranQuocThinh.csproj", "{BB871D64-2A1F-4520-9410-D7C5FF76D592}"
EndProject
Project("{FAE04EC0-301F-11D3-BF4B-00C04F79EFBC}") = "Module2BaiSo2_TranQuocThinh", "..\Module2BaiSo2_TranQuocThinh\Module2BaiSo2_TranQuocThinh.csproj", "{B5FB03D8-5928-4FC8-B610-1A8CBAF9A49D}"
EndProject
Project("{FAE04EC0-301F-11D3-BF4B-00C04F79EFBC}") = "Module2BaiSo3_TranQuocThinh", "..\Module2BaiSo3_TranQuocThinh\Module2BaiSo3_TranQuocThinh.csproj", "{7CA1E186-3BF9-4317-9DF1-23382C8FED53}"
EndProject
Project("{FAE04EC0-301F-11D3-BF4B-00C04F79EFBC}") = "Module2Baiso4_TranQuocThinh", "..\Module2Baiso4_TranQuocThinh\Module2Baiso4_TranQuocThinh.csproj", "{CE83C68C-4C6C-4159-9567-4049F7047302}"
EndProject
Project("{FAE04EC0-301F-11D3-BF4B-00C04F79EFBC}") = "Module2BaiSo5_TranQuocThinh", "..\Module2BaiSo5_TranQuocThinh\Module2BaiSo5_TranQuocThinh.csproj", "{49B7FB4F-D406-420B-9886-16F65B55CAD4}"
EndProject
Project("{FAE04EC0-301F-11D3-BF4B-00C04F79EFBC}") = "Module2BaiSo6_TranQuocThinh", "..\Module2BaiSo6_TranQuocThinh\Module2BaiSo6_TranQuocThinh.csproj", "{CEAFE078-62F2-4B0F-8F85-359F9102A714}"
EndProject
Project("{FAE04EC0-301F-11D3-BF4B-00C04F79EFBC}") = "Module2BaiSo7_TranQuocThinh", "..\Module2BaiSo7_TranQuocThinh\Module2BaiSo7_TranQuocThinh.csproj", "{27767FF8-D8D0-4088-B10A-A60BF83081D3}"
EndProject
Project("{FAE04EC0-301F-11D3-BF4B-00C04F79EFBC}") = "Module2BaiSo8_TranQuocThinh", "..\Module2BaiSo8_TranQuocThinh\Module2BaiSo8_TranQuocThinh.csproj", "{FF2792BB-1242-47C9-A9FC-61D390F56E69}"
EndProject
Project("{FAE04EC0-301F-11D3-BF4B-00C04F79EFBC}") = "Module2BaiSo9_TranQuocThinh", "..\Module2BaiSo9_TranQuocThinh\Module2BaiSo9_TranQuocThinh.csproj", "{EE0C57F0-F0DE-42C9-8744-C9B2DAC2EA91}"
EndProject
Project("{FAE04EC0-301F-11D3-BF4B-00C04F79EFBC}") = "Module2BaiSo11_TranQuocThinh", "..\Module2BaiSo11_TranQuocThinh\Module2BaiSo11_TranQuocThinh.csproj", "{12E21A20-4A94-41C7-915F-5DD09247BA40}"
EndProject
Project("{FAE04EC0-301F-11D3-BF4B-00C04F79EFBC}") = "Module2BaiSo10_TranQuocThinh", "..\Module2BaiSo10_TranQuocThinh\Module2BaiSo10_TranQuocThinh.csproj", "{EF46C6DF-85F7-4F33-9943-BA54E3FFB6E1}"
EndProject
Global
	GlobalSection(SolutionConfigurationPlatforms) = preSolution
		Debug|Any CPU = Debug|Any CPU
		Release|Any CPU = Release|Any CPU
	EndGlobalSection
	GlobalSection(ProjectConfigurationPlatforms) = postSolution
		{BB871D64-2A1F-4520-9410-D7C5FF76D592}.Debug|Any CPU.ActiveCfg = Debug|Any CPU
		{BB871D64-2A1F-4520-9410-D7C5FF76D592}.Debug|Any CPU.Build.0 = Debug|Any CPU
		{BB871D64-2A1F-4520-9410-D7C5FF76D592}.Release|Any CPU.ActiveCfg = Release|Any CPU
		{BB871D64-2A1F-4520-9410-D7C5FF76D592}.Release|Any CPU.Build.0 = Release|Any CPU
		{B5FB03D8-5928-4FC8-B610-1A8CBAF9A49D}.Debug|Any CPU.ActiveCfg = Debug|Any CPU
		{B5FB03D8-5928-4FC8-B610-1A8CBAF9A49D}.Debug|Any CPU.Build.0 = Debug|Any CPU
		{B5FB03D8-5928-4FC8-B610-1A8CBAF9A49D}.Release|Any CPU.ActiveCfg = Release|Any CPU
		{B5FB03D8-5928-4FC8-B610-1A8CBAF9A49D}.Release|Any CPU.Build.0 = Release|Any CPU
		{7CA1E186-3BF9-4317-9DF1-23382C8FED53}.Debug|Any CPU.ActiveCfg = Debug|Any CPU
		{7CA1E186-3BF9-4317-9DF1-23382C8FED53}.Debug|Any CPU.Build.0 = Debug|Any CPU
		{7CA1E186-3BF9-4317-9DF1-23382C8FED53}.Release|Any CPU.ActiveCfg = Release|Any CPU
		{7CA1E186-3BF9-4317-9DF1-23382C8FED53}.Release|Any CPU.Build.0 = Release|Any CPU
		{CE83C68C-4C6C-4159-9567-4049F7047302}.Debug|Any CPU.ActiveCfg = Debug|Any CPU
		{CE83C68C-4C6C-4159-9567-4049F7047302}.Debug|Any CPU.Build.0 = Debug|Any CPU
		{CE83C68C-4C6C-4159-9567-4049F7047302}.Release|Any CPU.ActiveCfg = Release|Any CPU
		{CE83C68C-4C6C-4159-9567-4049F7047302}.Release|Any CPU.Build.0 = Release|Any CPU
		{49B7FB4F-D406-420B-9886-16F65B55CAD4}.Debug|Any CPU.ActiveCfg = Debug|Any CPU
		{49B7FB4F-D406-420B-9886-16F65B55CAD4}.Debug|Any CPU.Build.0 = Debug|Any CPU
		{49B7FB4F-D406-420B-9886-16F65B55CAD4}.Release|Any CPU.ActiveCfg = Release|Any CPU
		{49B7FB4F-D406-420B-9886-16F65B55CAD4}.Release|Any CPU.Build.0 = Release|Any CPU
		{CEAFE078-62F2-4B0F-8F85-359F9102A714}.Debug|Any CPU.ActiveCfg = Debug|Any CPU
		{CEAFE078-62F2-4B0F-8F85-359F9102A714}.Debug|Any CPU.Build.0 = Debug|Any CPU
		{CEAFE078-62F2-4B0F-8F85-359F9102A714}.Release|Any CPU.ActiveCfg = Release|Any CPU
		{CEAFE078-62F2-4B0F-8F85-359F9102A714}.Release|Any CPU.Build.0 = Release|Any CPU
		{27767FF8-D8D0-4088-B10A-A60BF83081D3}.Debug|Any CPU.ActiveCfg = Debug|Any CPU
		{27767FF8-D8D0-4088-B10A-A60BF83081D3}.Debug|Any CPU.Build.0 = Debug|Any CPU
		{27767FF8-D8D0-4088-B10A-A60BF83081D3}.Release|Any CPU.ActiveCfg = Release|Any CPU
		{27767FF8-D8D0-4088-B10A-A60BF83081D3}.Release|Any CPU.Build.0 = Release|Any CPU
		{FF2792BB-1242-47C9-A9FC-61D390F56E69}.Debug|Any CPU.ActiveCfg = Debug|Any CPU
		{FF2792BB-1242-47C9-A9FC-61D390F56E69}.Debug|Any CPU.Build.0 = Debug|Any CPU
		{FF2792BB-1242-47C9-A9FC-61D390F56E69}.Release|Any CPU.ActiveCfg = Release|Any CPU
		{FF2792BB-1242-47C9-A9FC-61D390F56E69}.Release|Any CPU.Build.0 = Release|Any CPU
		{EE0C57F0-F0DE-42C9-8744-C9B2DAC2EA91}.Debug|Any CPU.ActiveCfg = Debug|Any CPU
		{EE0C57F0-F0DE-42C9-8744-C9B2DAC2EA91}.Debug|Any CPU.Build.0 = Debug|Any CPU
		{EE0C57F0-F0DE-42C9-8744-C9B2DAC2EA91}.Release|Any CPU.ActiveCfg = Release|Any CPU
		{EE0C57F0-F0DE-42C9-8744-C9B2DAC2EA91}.Release|Any CPU.Build.0 = Release|Any CPU
		{12E21A20-4A94-41C7-915F-5DD09247BA40}.Debug|Any CPU.ActiveCfg = Debug|Any CPU
		{12E21A20-4A94-41C7-915F-5DD09247BA40}.Debug|Any CPU.Build.0 = Debug|Any CPU
		{12E21A20-4A94-41C7-915F-5DD09247BA40}.Release|Any CPU.ActiveCfg = Release|Any CPU
		{12E21A20-4A94-41C7-915F-5DD09247BA40}.Release|Any CPU.Build.0 = Release|Any CPU
		{EF46C6DF-85F7-4F33-9943-BA54E3FFB6E1}.Debug|Any CPU.ActiveCfg = Debug|Any CPU
		{EF46C6DF-85F7-4F33-9943-BA54E3FFB6E1}.Debug|Any CPU.Build.0 = Debug|Any CPU
		{EF46C6DF-85F7-4F33-9943-BA54E3FFB6E1}.Release|Any CPU.ActiveCfg = Release|Any CPU
		{EF46C6DF-85F7-4F33-9943-BA54E3FFB6E1}.Release|Any CPU.Build.0 = Release|Any CPU
	EndGlobalSection
	GlobalSection(SolutionProperties) = preSolution
		HideSolutionNode = FALSE
	EndGlobalSection
	GlobalSection(ExtensibilityGlobals) = postSolution
		SolutionGuid = {C3EF9237-0E53-46A5-AC93-5CB043700621}
	EndGlobalSection
EndGlobal
